
Microsoft Visual Studio Solution File, Format Version 12.00
# Visual Studio Version 17
VisualStudioVersion = 17.0.31903.59
MinimumVisualStudioVersion = 10.0.40219.1
Project("{2150E333-8FDC-42A3-9474-1A3956D46DE8}") = "src", "src", "{827E0CD3-B72D-47B6-A68D-7590B98EB39B}"
EndProject
Project("{FAE04EC0-301F-11D3-BF4B-00C04F79EFBC}") = "DPD.Domain", "src\DPD.Domain\DPD.Domain.csproj", "{8883BEE7-0326-4B00-B52D-0CD182102DA1}"
EndProject
Project("{FAE04EC0-301F-11D3-BF4B-00C04F79EFBC}") = "DPD.Application", "src\DPD.Application\DPD.Application.csproj", "{39EB21F6-8DFC-4232-ABDB-7509FA272672}"
EndProject
Project("{FAE04EC0-301F-11D3-BF4B-00C04F79EFBC}") = "DPD.Infrastructure", "src\DPD.Infrastructure\DPD.Infrastructure.csproj", "{4F0CAAD4-5E66-4025-B517-D26FF2D3B307}"
EndProject
Project("{FAE04EC0-301F-11D3-BF4B-00C04F79EFBC}") = "DPD.Web", "src\DPD.Web\DPD.Web.csproj", "{9C1121D7-4B51-4D1B-834A-54B823BCCEDD}"
EndProject
Project("{FAE04EC0-301F-11D3-BF4B-00C04F79EFBC}") = "DPD.Domain.Tests", "tests\DPD.Domain.Tests\DPD.Domain.Tests.csproj", "{612B4D3C-4551-411F-A9C4-4C68A0E74B19}"
EndProject
Project("{FAE04EC0-301F-11D3-BF4B-00C04F79EFBC}") = "DPD.Application.Tests", "tests\DPD.Application.Tests\DPD.Application.Tests.csproj", "{05A7DA41-9A8C-4387-BF95-2914C03D100C}"
EndProject
Project("{FAE04EC0-301F-11D3-BF4B-00C04F79EFBC}") = "DPD.Integration.Tests", "tests\DPD.Integration.Tests\DPD.Integration.Tests.csproj", "{DBF832DF-71F3-4D57-9ABA-C0F48D08AAE3}"
EndProject
Global
	GlobalSection(SolutionConfigurationPlatforms) = preSolution
		Debug|Any CPU = Debug|Any CPU
		Debug|x64 = Debug|x64
		Debug|x86 = Debug|x86
		Release|Any CPU = Release|Any CPU
		Release|x64 = Release|x64
		Release|x86 = Release|x86
	EndGlobalSection
	GlobalSection(ProjectConfigurationPlatforms) = postSolution
		{8883BEE7-0326-4B00-B52D-0CD182102DA1}.Debug|Any CPU.ActiveCfg = Debug|Any CPU
		{8883BEE7-0326-4B00-B52D-0CD182102DA1}.Debug|Any CPU.Build.0 = Debug|Any CPU
		{8883BEE7-0326-4B00-B52D-0CD182102DA1}.Debug|x64.ActiveCfg = Debug|Any CPU
		{8883BEE7-0326-4B00-B52D-0CD182102DA1}.Debug|x64.Build.0 = Debug|Any CPU
		{8883BEE7-0326-4B00-B52D-0CD182102DA1}.Debug|x86.ActiveCfg = Debug|Any CPU
		{8883BEE7-0326-4B00-B52D-0CD182102DA1}.Debug|x86.Build.0 = Debug|Any CPU
		{8883BEE7-0326-4B00-B52D-0CD182102DA1}.Release|Any CPU.ActiveCfg = Release|Any CPU
		{8883BEE7-0326-4B00-B52D-0CD182102DA1}.Release|Any CPU.Build.0 = Release|Any CPU
		{8883BEE7-0326-4B00-B52D-0CD182102DA1}.Release|x64.ActiveCfg = Release|Any CPU
		{8883BEE7-0326-4B00-B52D-0CD182102DA1}.Release|x64.Build.0 = Release|Any CPU
		{8883BEE7-0326-4B00-B52D-0CD182102DA1}.Release|x86.ActiveCfg = Release|Any CPU
		{8883BEE7-0326-4B00-B52D-0CD182102DA1}.Release|x86.Build.0 = Release|Any CPU
		{39EB21F6-8DFC-4232-ABDB-7509FA272672}.Debug|Any CPU.ActiveCfg = Debug|Any CPU
		{39EB21F6-8DFC-4232-ABDB-7509FA272672}.Debug|Any CPU.Build.0 = Debug|Any CPU
		{39EB21F6-8DFC-4232-ABDB-7509FA272672}.Debug|x64.ActiveCfg = Debug|Any CPU
		{39EB21F6-8DFC-4232-ABDB-7509FA272672}.Debug|x64.Build.0 = Debug|Any CPU
		{39EB21F6-8DFC-4232-ABDB-7509FA272672}.Debug|x86.ActiveCfg = Debug|Any CPU
		{39EB21F6-8DFC-4232-ABDB-7509FA272672}.Debug|x86.Build.0 = Debug|Any CPU
		{39EB21F6-8DFC-4232-ABDB-7509FA272672}.Release|Any CPU.ActiveCfg = Release|Any CPU
		{39EB21F6-8DFC-4232-ABDB-7509FA272672}.Release|Any CPU.Build.0 = Release|Any CPU
		{39EB21F6-8DFC-4232-ABDB-7509FA272672}.Release|x64.ActiveCfg = Release|Any CPU
		{39EB21F6-8DFC-4232-ABDB-7509FA272672}.Release|x64.Build.0 = Release|Any CPU
		{39EB21F6-8DFC-4232-ABDB-7509FA272672}.Release|x86.ActiveCfg = Release|Any CPU
		{39EB21F6-8DFC-4232-ABDB-7509FA272672}.Release|x86.Build.0 = Release|Any CPU
		{4F0CAAD4-5E66-4025-B517-D26FF2D3B307}.Debug|Any CPU.ActiveCfg = Debug|Any CPU
		{4F0CAAD4-5E66-4025-B517-D26FF2D3B307}.Debug|Any CPU.Build.0 = Debug|Any CPU
		{4F0CAAD4-5E66-4025-B517-D26FF2D3B307}.Debug|x64.ActiveCfg = Debug|Any CPU
		{4F0CAAD4-5E66-4025-B517-D26FF2D3B307}.Debug|x64.Build.0 = Debug|Any CPU
		{4F0CAAD4-5E66-4025-B517-D26FF2D3B307}.Debug|x86.ActiveCfg = Debug|Any CPU
		{4F0CAAD4-5E66-4025-B517-D26FF2D3B307}.Debug|x86.Build.0 = Debug|Any CPU
		{4F0CAAD4-5E66-4025-B517-D26FF2D3B307}.Release|Any CPU.ActiveCfg = Release|Any CPU
		{4F0CAAD4-5E66-4025-B517-D26FF2D3B307}.Release|Any CPU.Build.0 = Release|Any CPU
		{4F0CAAD4-5E66-4025-B517-D26FF2D3B307}.Release|x64.ActiveCfg = Release|Any CPU
		{4F0CAAD4-5E66-4025-B517-D26FF2D3B307}.Release|x64.Build.0 = Release|Any CPU
		{4F0CAAD4-5E66-4025-B517-D26FF2D3B307}.Release|x86.ActiveCfg = Release|Any CPU
		{4F0CAAD4-5E66-4025-B517-D26FF2D3B307}.Release|x86.Build.0 = Release|Any CPU
		{9C1121D7-4B51-4D1B-834A-54B823BCCEDD}.Debug|Any CPU.ActiveCfg = Debug|Any CPU
		{9C1121D7-4B51-4D1B-834A-54B823BCCEDD}.Debug|Any CPU.Build.0 = Debug|Any CPU
		{9C1121D7-4B51-4D1B-834A-54B823BCCEDD}.Debug|x64.ActiveCfg = Debug|Any CPU
		{9C1121D7-4B51-4D1B-834A-54B823BCCEDD}.Debug|x64.Build.0 = Debug|Any CPU
		{9C1121D7-4B51-4D1B-834A-54B823BCCEDD}.Debug|x86.ActiveCfg = Debug|Any CPU
		{9C1121D7-4B51-4D1B-834A-54B823BCCEDD}.Debug|x86.Build.0 = Debug|Any CPU
		{9C1121D7-4B51-4D1B-834A-54B823BCCEDD}.Release|Any CPU.ActiveCfg = Release|Any CPU
		{9C1121D7-4B51-4D1B-834A-54B823BCCEDD}.Release|Any CPU.Build.0 = Release|Any CPU
		{9C1121D7-4B51-4D1B-834A-54B823BCCEDD}.Release|x64.ActiveCfg = Release|Any CPU
		{9C1121D7-4B51-4D1B-834A-54B823BCCEDD}.Release|x64.Build.0 = Release|Any CPU
		{9C1121D7-4B51-4D1B-834A-54B823BCCEDD}.Release|x86.ActiveCfg = Release|Any CPU
		{9C1121D7-4B51-4D1B-834A-54B823BCCEDD}.Release|x86.Build.0 = Release|Any CPU
		{612B4D3C-4551-411F-A9C4-4C68A0E74B19}.Debug|Any CPU.ActiveCfg = Debug|Any CPU
		{612B4D3C-4551-411F-A9C4-4C68A0E74B19}.Debug|Any CPU.Build.0 = Debug|Any CPU
		{612B4D3C-4551-411F-A9C4-4C68A0E74B19}.Debug|x64.ActiveCfg = Debug|Any CPU
		{612B4D3C-4551-411F-A9C4-4C68A0E74B19}.Debug|x64.Build.0 = Debug|Any CPU
		{612B4D3C-4551-411F-A9C4-4C68A0E74B19}.Debug|x86.ActiveCfg = Debug|Any CPU
		{612B4D3C-4551-411F-A9C4-4C68A0E74B19}.Debug|x86.Build.0 = Debug|Any CPU
		{612B4D3C-4551-411F-A9C4-4C68A0E74B19}.Release|Any CPU.ActiveCfg = Release|Any CPU
		{612B4D3C-4551-411F-A9C4-4C68A0E74B19}.Release|Any CPU.Build.0 = Release|Any CPU
		{612B4D3C-4551-411F-A9C4-4C68A0E74B19}.Release|x64.ActiveCfg = Release|Any CPU
		{612B4D3C-4551-411F-A9C4-4C68A0E74B19}.Release|x64.Build.0 = Release|Any CPU
		{612B4D3C-4551-411F-A9C4-4C68A0E74B19}.Release|x86.ActiveCfg = Release|Any CPU
		{612B4D3C-4551-411F-A9C4-4C68A0E74B19}.Release|x86.Build.0 = Release|Any CPU
		{05A7DA41-9A8C-4387-BF95-2914C03D100C}.Debug|Any CPU.ActiveCfg = Debug|Any CPU
		{05A7DA41-9A8C-4387-BF95-2914C03D100C}.Debug|Any CPU.Build.0 = Debug|Any CPU
		{05A7DA41-9A8C-4387-BF95-2914C03D100C}.Debug|x64.ActiveCfg = Debug|Any CPU
		{05A7DA41-9A8C-4387-BF95-2914C03D100C}.Debug|x64.Build.0 = Debug|Any CPU
		{05A7DA41-9A8C-4387-BF95-2914C03D100C}.Debug|x86.ActiveCfg = Debug|Any CPU
		{05A7DA41-9A8C-4387-BF95-2914C03D100C}.Debug|x86.Build.0 = Debug|Any CPU
		{05A7DA41-9A8C-4387-BF95-2914C03D100C}.Release|Any CPU.ActiveCfg = Release|Any CPU
		{05A7DA41-9A8C-4387-BF95-2914C03D100C}.Release|Any CPU.Build.0 = Release|Any CPU
		{05A7DA41-9A8C-4387-BF95-2914C03D100C}.Release|x64.ActiveCfg = Release|Any CPU
		{05A7DA41-9A8C-4387-BF95-2914C03D100C}.Release|x64.Build.0 = Release|Any CPU
		{05A7DA41-9A8C-4387-BF95-2914C03D100C}.Release|x86.ActiveCfg = Release|Any CPU
		{05A7DA41-9A8C-4387-BF95-2914C03D100C}.Release|x86.Build.0 = Release|Any CPU
		{DBF832DF-71F3-4D57-9ABA-C0F48D08AAE3}.Debug|Any CPU.ActiveCfg = Debug|Any CPU
		{DBF832DF-71F3-4D57-9ABA-C0F48D08AAE3}.Debug|Any CPU.Build.0 = Debug|Any CPU
		{DBF832DF-71F3-4D57-9ABA-C0F48D08AAE3}.Debug|x64.ActiveCfg = Debug|Any CPU
		{DBF832DF-71F3-4D57-9ABA-C0F48D08AAE3}.Debug|x64.Build.0 = Debug|Any CPU
		{DBF832DF-71F3-4D57-9ABA-C0F48D08AAE3}.Debug|x86.ActiveCfg = Debug|Any CPU
		{DBF832DF-71F3-4D57-9ABA-C0F48D08AAE3}.Debug|x86.Build.0 = Debug|Any CPU
		{DBF832DF-71F3-4D57-9ABA-C0F48D08AAE3}.Release|Any CPU.ActiveCfg = Release|Any CPU
		{DBF832DF-71F3-4D57-9ABA-C0F48D08AAE3}.Release|Any CPU.Build.0 = Release|Any CPU
		{DBF832DF-71F3-4D57-9ABA-C0F48D08AAE3}.Release|x64.ActiveCfg = Release|Any CPU
		{DBF832DF-71F3-4D57-9ABA-C0F48D08AAE3}.Release|x64.Build.0 = Release|Any CPU
		{DBF832DF-71F3-4D57-9ABA-C0F48D08AAE3}.Release|x86.ActiveCfg = Release|Any CPU
		{DBF832DF-71F3-4D57-9ABA-C0F48D08AAE3}.Release|x86.Build.0 = Release|Any CPU
	EndGlobalSection
	GlobalSection(SolutionProperties) = preSolution
		HideSolutionNode = FALSE
	EndGlobalSection
	GlobalSection(NestedProjects) = preSolution
		{8883BEE7-0326-4B00-B52D-0CD182102DA1} = {827E0CD3-B72D-47B6-A68D-7590B98EB39B}
		{39EB21F6-8DFC-4232-ABDB-7509FA272672} = {827E0CD3-B72D-47B6-A68D-7590B98EB39B}
		{4F0CAAD4-5E66-4025-B517-D26FF2D3B307} = {827E0CD3-B72D-47B6-A68D-7590B98EB39B}
		{9C1121D7-4B51-4D1B-834A-54B823BCCEDD} = {827E0CD3-B72D-47B6-A68D-7590B98EB39B}
		{612B4D3C-4551-411F-A9C4-4C68A0E74B19} = {827E0CD3-B72D-47B6-A68D-7590B98EB39B}
		{05A7DA41-9A8C-4387-BF95-2914C03D100C} = {827E0CD3-B72D-47B6-A68D-7590B98EB39B}
		{DBF832DF-71F3-4D57-9ABA-C0F48D08AAE3} = {827E0CD3-B72D-47B6-A68D-7590B98EB39B}
	EndGlobalSection
EndGlobal
